{
  "name": "vite-project",
  "version": "1.0.0",
  "lockfileVersion": 3,
  "requires": true,
  "packages": {
    "": {
      "name": "vite-project",
      "version": "1.0.0",
      "license": "ISC",
      "dependencies": {
        "pretty-random": "^1.0.6"
      }
    },
    "node_modules/pretty-random": {
      "version": "1.0.6",
      "resolved": "https://registry.npmjs.org/pretty-random/-/pretty-random-1.0.6.tgz",
      "integrity": "sha512-ds8tdl46NjlemQXTPT9qMTJhrxe7JkDDShjJar35WoQ6Mv/ybkXg1CYhG8OBeXwmLFV4mAVVwOTR6T+DDpynsg=="
    }
  }
}
